
Microsoft Visual Studio Solution File, Format Version 12.00
# Visual Studio Version 17
VisualStudioVersion = 17.13.35825.156 d17.13
MinimumVisualStudioVersion = 10.0.40219.1
Project("{FAE04EC0-301F-11D3-BF4B-00C04F79EFBC}") = "Tik-Tak-Tok-Game", "Tik-Tak-Tok-Game.csproj", "{D4C56C9A-AE92-43BF-AB06-66299F470E09}"
EndProject
Global
	GlobalSection(SolutionConfigurationPlatforms) = preSolution
		Debug|Any CPU = Debug|Any CPU
		Release|Any CPU = Release|Any CPU
	EndGlobalSection
	GlobalSection(ProjectConfigurationPlatforms) = postSolution
		{D4C56C9A-AE92-43BF-AB06-66299F470E09}.Debug|Any CPU.ActiveCfg = Debug|Any CPU
		{D4C56C9A-AE92-43BF-AB06-66299F470E09}.Debug|Any CPU.Build.0 = Debug|Any CPU
		{D4C56C9A-AE92-43BF-AB06-66299F470E09}.Release|Any CPU.ActiveCfg = Release|Any CPU
		{D4C56C9A-AE92-43BF-AB06-66299F470E09}.Release|Any CPU.Build.0 = Release|Any CPU
	EndGlobalSection
	GlobalSection(SolutionProperties) = preSolution
		HideSolutionNode = FALSE
	EndGlobalSection
	GlobalSection(ExtensibilityGlobals) = postSolution
		SolutionGuid = {A00F0F71-2636-41F2-9434-D41D04CFEB34}
	EndGlobalSection
EndGlobal
